
Microsoft Visual Studio Solution File, Format Version 12.00
# Visual Studio Version 16
VisualStudioVersion = 16.0.29806.167
MinimumVisualStudioVersion = 10.0.40219.1
Project("{FAE04EC0-301F-11D3-BF4B-00C04F79EFBC}") = "ContenedorMDI", "ContenedorMDI\ContenedorMDI.csproj", "{48E3D355-6E3D-4272-9896-FAB40CA1BBAB}"
EndProject
Global
	GlobalSection(SolutionConfigurationPlatforms) = preSolution
		Debug|Any CPU = Debug|Any CPU
		Release|Any CPU = Release|Any CPU
	EndGlobalSection
	GlobalSection(ProjectConfigurationPlatforms) = postSolution
		{48E3D355-6E3D-4272-9896-FAB40CA1BBAB}.Debug|Any CPU.ActiveCfg = Debug|Any CPU
		{48E3D355-6E3D-4272-9896-FAB40CA1BBAB}.Debug|Any CPU.Build.0 = Debug|Any CPU
		{48E3D355-6E3D-4272-9896-FAB40CA1BBAB}.Release|Any CPU.ActiveCfg = Release|Any CPU
		{48E3D355-6E3D-4272-9896-FAB40CA1BBAB}.Release|Any CPU.Build.0 = Release|Any CPU
	EndGlobalSection
	GlobalSection(SolutionProperties) = preSolution
		HideSolutionNode = FALSE
	EndGlobalSection
	GlobalSection(ExtensibilityGlobals) = postSolution
		SolutionGuid = {C35D7054-8DB1-4CC6-BE41-B3D4E5987E32}
	EndGlobalSection
EndGlobal
